Microsoft Visual Studio Solution File, Format Version 12.00
# Visual Studio Version 17
VisualStudioVersion = 17.5.2.0
MinimumVisualStudioVersion = 10.0.40219.1
Project("{FAE04EC0-301F-11D3-BF4B-00C04F79EFBC}") = "hmcts-backend", "hmcts-backend.csproj", "{78B06BC4-69D6-40C1-99BA-EE346CEF9F6C}"
EndProject
Project("{FAE04EC0-301F-11D3-BF4B-00C04F79EFBC}") = "hmcts-backend.Tests", "Tests\hmcts-backend.Tests.csproj", "{A1B2C3D4-E5F6-7890-1234-567890ABCDEF}"
EndProject
Global
	GlobalSection(SolutionConfigurationPlatforms) = preSolution
		Debug|Any CPU = Debug|Any CPU
		Release|Any CPU = Release|Any CPU
	EndGlobalSection
	GlobalSection(ProjectConfigurationPlatforms) = postSolution
		{78B06BC4-69D6-40C1-99BA-EE346CEF9F6C}.Debug|Any CPU.ActiveCfg = Debug|Any CPU
		{78B06BC4-69D6-40C1-99BA-EE346CEF9F6C}.Debug|Any CPU.Build.0 = Debug|Any CPU
		{78B06BC4-69D6-40C1-99BA-EE346CEF9F6C}.Release|Any CPU.ActiveCfg = Release|Any CPU
		{78B06BC4-69D6-40C1-99BA-EE346CEF9F6C}.Release|Any CPU.Build.0 = Release|Any CPU
		{A1B2C3D4-E5F6-7890-1234-567890ABCDEF}.Debug|Any CPU.ActiveCfg = Debug|Any CPU
		{A1B2C3D4-E5F6-7890-1234-567890ABCDEF}.Debug|Any CPU.Build.0 = Debug|Any CPU
		{A1B2C3D4-E5F6-7890-1234-567890ABCDEF}.Release|Any CPU.ActiveCfg = Release|Any CPU
		{A1B2C3D4-E5F6-7890-1234-567890ABCDEF}.Release|Any CPU.Build.0 = Release|Any CPU
	EndGlobalSection
	GlobalSection(SolutionProperties) = preSolution
		HideSolutionNode = FALSE
	EndGlobalSection
	GlobalSection(ExtensibilityGlobals) = postSolution
		SolutionGuid = {7E1E3A9D-3B93-42ED-8C1F-F5728F83D73A}
	EndGlobalSection
EndGlobal
